// !$*UTF8*$!
{
	archiveVersion = 1;
	classes = {
	};
	objectVersion = 50;
	objects = {

/* Begin PBXBuildFile section */
		700C93FB26C3ED6800BD4140 /* CustomizeViewController.swift in Sources */ = {isa = PBXBuildFile; fileRef = 700C93FA26C3ED6800BD4140 /* CustomizeViewController.swift */; };
		70851A4826C4C57D000980D6 /* AddToCartViewController.swift in Sources */ = {isa = PBXBuildFile; fileRef = 70851A4726C4C57D000980D6 /* AddToCartViewController.swift */; };
		7095D62326C110D500674E97 /* AppDelegate.swift in Sources */ = {isa = PBXBuildFile; fileRef = 7095D62226C110D500674E97 /* AppDelegate.swift */; };
		7095D62526C110D500674E97 /* SceneDelegate.swift in Sources */ = {isa = PBXBuildFile; fileRef = 7095D62426C110D500674E97 /* SceneDelegate.swift */; };
		7095D62726C110D500674E97 /* ViewController.swift in Sources */ = {isa = PBXBuildFile; fileRef = 7095D62626C110D500674E97 /* ViewController.swift */; };
		7095D62A26C110D500674E97 /* Main.storyboard in Resources */ = {isa = PBXBuildFile; fileRef = 7095D62826C110D500674E97 /* Main.storyboard */; };
		7095D62C26C110D700674E97 /* Assets.xcassets in Resources */ = {isa = PBXBuildFile; fileRef = 7095D62B26C110D700674E97 /* Assets.xcassets */; };
		7095D62F26C110D700674E97 /* LaunchScreen.storyboard in Resources */ = {isa = PBXBuildFile; fileRef = 7095D62D26C110D700674E97 /* LaunchScreen.storyboard */; };
/* End PBXBuildFile section */

/* Begin PBXFileReference section */
		700C93FA26C3ED6800BD4140 /* CustomizeViewController.swift */ = {isa = PBXFileReference; lastKnownFileType = sourcecode.swift; path = CustomizeViewController.swift; sourceTree = "<group>"; };
		70851A4726C4C57D000980D6 /* AddToCartViewController.swift */ = {isa = PBXFileReference; lastKnownFileType = sourcecode.swift; path = AddToCartViewController.swift; sourceTree = "<group>"; };
		7095D61F26C110D500674E97 /* FinalProject_OrderUrSlice.app */ = {isa = PBXFileReference; explicitFileType = wrapper.application; includeInIndex = 0; path = FinalProject_OrderUrSlice.app; sourceTree = BUILT_PRODUCTS_DIR; };
		7095D62226C110D500674E97 /* AppDelegate.swift */ = {isa = PBXFileReference; lastKnownFileType = sourcecode.swift; path = AppDelegate.swift; sourceTree = "<group>"; };
		7095D62426C110D500674E97 /* SceneDelegate.swift */ = {isa = PBXFileReference; lastKnownFileType = sourcecode.swift; path = SceneDelegate.swift; sourceTree = "<group>"; };
		7095D62626C110D500674E97 /* ViewController.swift */ = {isa = PBXFileReference; lastKnownFileType = sourcecode.swift; path = ViewController.swift; sourceTree = "<group>"; };
		7095D62926C110D500674E97 /* Base */ = {isa = PBXFileReference; lastKnownFileType = file.storyboard; name = Base; path = Base.lproj/Main.storyboard; sourceTree = "<group>"; };
		7095D62B26C110D700674E97 /* Assets.xcassets */ = {isa = PBXFileReference; lastKnownFileType = folder.assetcatalog; path = Assets.xcassets; sourceTree = "<group>"; };
		7095D62E26C110D700674E97 /* Base */ = {isa = PBXFileReference; lastKnownFileType = file.storyboard; name = Base; path = Base.lproj/LaunchScreen.storyboard; sourceTree = "<group>"; };
		7095D63026C110D700674E97 /* Info.plist */ = {isa = PBXFileReference; lastKnownFileType = text.plist.xml; path = Info.plist; sourceTree = "<group>"; };
/* End PBXFileReference section */

/* Begin PBXFrameworksBuildPhase section */
		7095D61C26C110D500674E97 /* Frameworks */ = {
			isa = PBXFrameworksBuildPhase;
			buildActionMask = 2147483647;
			files = (
			);
			runOnlyForDeploymentPostprocessing = 0;
		};
/* End PBXFrameworksBuildPhase section */

/* Begin PBXGroup section */
		7095D61626C110D500674E97 = {
			isa = PBXGroup;
			children = (
				7095D62126C110D500674E97 /* FinalProject_OrderUrSlice */,
				7095D62026C110D500674E97 /* Products */,
			);
			sourceTree = "<group>";
		};
		7095D62026C110D500674E97 /* Products */ = {
			isa = PBXGroup;
			children = (
				7095D61F26C110D500674E97 /* FinalProject_OrderUrSlice.app */,
			);
			name = Products;
			sourceTree = "<group>";
		};
		7095D62126C110D500674E97 /* FinalProject_OrderUrSlice */ = {
			isa = PBXGroup;
			children = (
				7095D62226C110D500674E97 /* AppDelegate.swift */,
				7095D62426C110D500674E97 /* SceneDelegate.swift */,
				7095D62626C110D500674E97 /* ViewController.swift */,
				700C93FA26C3ED6800BD4140 /* CustomizeViewController.swift */,
				70851A4726C4C57D000980D6 /* AddToCartViewController.swift */,
				7095D62826C110D500674E97 /* Main.storyboard */,
				7095D62B26C110D700674E97 /* Assets.xcassets */,
				7095D62D26C110D700674E97 /* LaunchScreen.storyboard */,
				7095D63026C110D700674E97 /* Info.plist */,
			);
			path = FinalProject_OrderUrSlice;
			sourceTree = "<group>";
		};
/* End PBXGroup section */

/* Begin PBXNativeTarget section */
		7095D61E26C110D500674E97 /* FinalProject_OrderUrSlice */ = {
			isa = PBXNativeTarget;
			buildConfigurationList = 7095D63326C110D700674E97 /* Build configuration list for PBXNativeTarget "FinalProject_OrderUrSlice" */;
			buildPhases = (
				7095D61B26C110D500674E97 /* Sources */,
				7095D61C26C110D500674E97 /* Frameworks */,
				7095D61D26C110D500674E97 /* Resources */,
			);
			buildRules = (
			);
			dependencies = (
			);
			name = FinalProject_OrderUrSlice;
			productName = FinalProject_OrderUrSlice;
			productReference = 7095D61F26C110D500674E97 /* FinalProject_OrderUrSlice.app */;
			productType = "com.apple.product-type.application";
		};
/* End PBXNativeTarget section */

/* Begin PBXProject section */
		7095D61726C110D500674E97 /* Project object */ = {
			isa = PBXProject;
			attributes = {
				LastSwiftUpdateCheck = 1250;
				LastUpgradeCheck = 1250;
				TargetAttributes = {
					7095D61E26C110D500674E97 = {
						CreatedOnToolsVersion = 12.5.1;
					};
				};
			};
			buildConfigurationList = 7095D61A26C110D500674E97 /* Build configuration list for PBXProject "FinalProject_OrderUrSlice" */;
			compatibilityVersion = "Xcode 9.3";
			developmentRegion = en;
			hasScannedForEncodings = 0;
			knownRegions = (
				en,
				Base,
			);
			mainGroup = 7095D61626C110D500674E97;
			productRefGroup = 7095D62026C110D500674E97 /* Products */;
			projectDirPath = "";
			projectRoot = "";
			targets = (
				7095D61E26C110D500674E97 /* FinalProject_OrderUrSlice */,
			);
		};
/* End PBXProject section */

/* Begin PBXResourcesBuildPhase section */
		7095D61D26C110D500674E97 /* Resources */ = {
			isa = PBXResourcesBuildPhase;
			buildActionMask = 2147483647;
			files = (
				7095D62F26C110D700674E97 /* LaunchScreen.storyboard in Resources */,
				7095D62C26C110D700674E97 /* Assets.xcassets in Resources */,
				7095D62A26C110D500674E97 /* Main.storyboard in Resources */,
			);
			runOnlyForDeploymentPostprocessing = 0;
		};
/* End PBXResourcesBuildPhase section */

/* Begin PBXSourcesBuildPhase section */
		7095D61B26C110D500674E97 /* Sources */ = {
			isa = PBXSourcesBuildPhase;
			buildActionMask = 2147483647;
			files = (
				7095D62726C110D500674E97 /* ViewController.swift in Sources */,
				7095D62326C110D500674E97 /* AppDelegate.swift in Sources */,
				700C93FB26C3ED6800BD4140 /* CustomizeViewController.swift in Sources */,
				70851A4826C4C57D000980D6 /* AddToCartViewController.swift in Sources */,
				7095D62526C110D500674E97 /* SceneDelegate.swift in Sources */,
			);
			runOnlyForDeploymentPostprocessing = 0;
		};
/* End PBXSourcesBuildPhase section */

/* Begin PBXVariantGroup section */
		7095D62826C110D500674E97 /* Main.storyboard */ = {
			isa = PBXVariantGroup;
			children = (
				7095D62926C110D500674E97 /* Base */,
			);
			name = Main.storyboard;
			sourceTree = "<group>";
		};
		7095D62D26C110D700674E97 /* LaunchScreen.storyboard */ = {
			isa = PBXVariantGroup;
			children = (
				7095D62E26C110D700674E97 /* Base */,
			);
			name = LaunchScreen.storyboard;
			sourceTree = "<group>";
		};
/* End PBXVariantGroup section */

/* Begin XCBuildConfiguration section */
		7095D63126C110D700674E97 /* Debug */ = {
			isa = XCBuildConfiguration;
			buildSettings = {
				ALWAYS_SEARCH_USER_PATHS = NO;
				CLANG_ANALYZER_NONNULL = YES;
				CLANG_ANALYZER_NUMBER_OBJECT_CONVERSION = YES_AGGRESSIVE;
				CLANG_CXX_LANGUAGE_STANDARD = "gnu++14";
				CLANG_CXX_LIBRARY = "libc++";
				CLANG_ENABLE_MODULES = YES;
				CLANG_ENABLE_OBJC_ARC = YES;
				CLANG_ENABLE_OBJC_WEAK = YES;
				CLANG_WARN_BLOCK_CAPTURE_AUTORELEASING = YES;
				CLANG_WARN_BOOL_CONVERSION = YES;
				CLANG_WARN_COMMA = YES;
				CLANG_WARN_CONSTANT_CONVERSION = YES;
				CLANG_WARN_DEPRECATED_OBJC_IMPLEMENTATIONS = YES;
				CLANG_WARN_DIRECT_OBJC_ISA_USAGE = YES_ERROR;
				CLANG_WARN_DOCUMENTATION_COMMENTS = YES;
				CLANG_WARN_EMPTY_BODY = YES;
				CLANG_WARN_ENUM_CONVERSION = YES;
				CLANG_WARN_INFINITE_RECURSION = YES;
				CLANG_WARN_INT_CONVERSION = YES;
				CLANG_WARN_NON_LITERAL_NULL_CONVERSION = YES;
				CLANG_WARN_OBJC_IMPLICIT_RETAIN_SELF = YES;
				CLANG_WARN_OBJC_LITERAL_CONVERSION = YES;
				CLANG_WARN_OBJC_ROOT_CLASS = YES_ERROR;
				CLANG_WARN_QUOTED_INCLUDE_IN_FRAMEWORK_HEADER = YES;
				CLANG_WARN_RANGE_LOOP_ANALYSIS = YES;
				CLANG_WARN_STRICT_PROTOTYPES = YES;
				CLANG_WARN_SUSPICIOUS_MOVE = YES;
				CLANG_WARN_UNGUARDED_AVAILABILITY = YES_AGGRESSIVE;
				CLANG_WARN_UNREACHABLE_CODE = YES;
				CLANG_WARN__DUPLICATE_METHOD_MATCH = YES;
				COPY_PHASE_STRIP = NO;
				DEBUG_INFORMATION_FORMAT = dwarf;
				ENABLE_STRICT_OBJC_MSGSEND = YES;
				ENABLE_TESTABILITY = YES;
				GCC_C_LANGUAGE_STANDARD = gnu11;
				GCC_DYNAMIC_NO_PIC = NO;
				GCC_NO_COMMON_BLOCKS = YES;
				GCC_OPTIMIZATION_LEVEL = 0;
				GCC_PREPROCESSOR_DEFINITIONS = (
					"DEBUG=1",
					"$(inherited)",
				);
				GCC_WARN_64_TO_32_BIT_CONVERSION = YES;
				GCC_WARN_ABOUT_RETURN_TYPE = YES_ERROR;
				GCC_WARN_UNDECLARED_SELECTOR = YES;
				GCC_WARN_UNINITIALIZED_AUTOS = YES_AGGRESSIVE;
				GCC_WARN_UNUSED_FUNCTION = YES;
				GCC_WARN_UNUSED_VARIABLE = YES;
				IPHONEOS_DEPLOYMENT_TARGET = 14.5;
				MTL_ENABLE_DEBUG_INFO = INCLUDE_SOURCE;
				MTL_FAST_MATH = YES;
				ONLY_ACTIVE_ARCH = YES;
				SDKROOT = iphoneos;
				SWIFT_ACTIVE_COMPILATION_CONDITIONS = DEBUG;
				SWIFT_OPTIMIZATION_LEVEL = "-Onone";
			};
			name = Debug;
		};
		7095D63226C110D700674E97 /* Release */ = {
			isa = XCBuildConfiguration;
			buildSettings = {
				ALWAYS_SEARCH_USER_PATHS = NO;
				CLANG_ANALYZER_NONNULL = YES;
				CLANG_ANALYZER_NUMBER_OBJECT_CONVERSION = YES_AGGRESSIVE;
				CLANG_CXX_LANGUAGE_STANDARD = "gnu++14";
				CLANG_CXX_LIBRARY = "libc++";
				CLANG_ENABLE_MODULES = YES;
				CLANG_ENABLE_OBJC_ARC = YES;
				CLANG_ENABLE_OBJC_WEAK = YES;
				CLANG_WARN_BLOCK_CAPTURE_AUTORELEASING = YES;
				CLANG_WARN_BOOL_CONVERSION = YES;
				CLANG_WARN_COMMA = YES;
				CLANG_WARN_CONSTANT_CONVERSION = YES;
				CLANG_WARN_DEPRECATED_OBJC_IMPLEMENTATIONS = YES;
				CLANG_WARN_DIRECT_OBJC_ISA_USAGE = YES_ERROR;
				CLANG_WARN_DOCUMENTATION_COMMENTS = YES;
				CLANG_WARN_EMPTY_BODY = YES;
				CLANG_WARN_ENUM_CONVERSION = YES;
				CLANG_WARN_INFINITE_RECURSION = YES;
				CLANG_WARN_INT_CONVERSION = YES;
				CLANG_WARN_NON_LITERAL_NULL_CONVERSION = YES;
				CLANG_WARN_OBJC_IMPLICIT_RETAIN_SELF = YES;
				CLANG_WARN_OBJC_LITERAL_CONVERSION = YES;
				CLANG_WARN_OBJC_ROOT_CLASS = YES_ERROR;
				CLANG_WARN_QUOTED_INCLUDE_IN_FRAMEWORK_HEADER = YES;
				CLANG_WARN_RANGE_LOOP_ANALYSIS = YES;
				CLANG_WARN_STRICT_PROTOTYPES = YES;
				CLANG_WARN_SUSPICIOUS_MOVE = YES;
				CLANG_WARN_UNGUARDED_AVAILABILITY = YES_AGGRESSIVE;
				CLANG_WARN_UNREACHABLE_CODE = YES;
				CLANG_WARN__DUPLICATE_METHOD_MATCH = YES;
				COPY_PHASE_STRIP = NO;
				DEBUG_INFORMATION_FORMAT = "dwarf-with-dsym";
				ENABLE_NS_ASSERTIONS = NO;
				ENABLE_STRICT_OBJC_MSGSEND = YES;
				GCC_C_LANGUAGE_STANDARD = gnu11;
				GCC_NO_COMMON_BLOCKS = YES;
				GCC_WARN_64_TO_32_BIT_CONVERSION = YES;
				GCC_WARN_ABOUT_RETURN_TYPE = YES_ERROR;
				GCC_WARN_UNDECLARED_SELECTOR = YES;
				GCC_WARN_UNINITIALIZED_AUTOS = YES_AGGRESSIVE;
				GCC_WARN_UNUSED_FUNCTION = YES;
				GCC_WARN_UNUSED_VARIABLE = YES;
				IPHONEOS_DEPLOYMENT_TARGET = 14.5;
				MTL_ENABLE_DEBUG_INFO = NO;
				MTL_FAST_MATH = YES;
				SDKROOT = iphoneos;
				SWIFT_COMPILATION_MODE = wholemodule;
				SWIFT_OPTIMIZATION_LEVEL = "-O";
				VALIDATE_PRODUCT = YES;
			};
			name = Release;
		};
		7095D63426C110D700674E97 /* Debug */ = {
			isa = XCBuildConfiguration;
			buildSettings = {
				ASSETCATALOG_COMPILER_APPICON_NAME = AppIcon;
				ASSETCATALOG_COMPILER_GLOBAL_ACCENT_COLOR_NAME = AccentColor;
				CODE_SIGN_STYLE = Automatic;
				INFOPLIST_FILE = FinalProject_OrderUrSlice/Info.plist;
				LD_RUNPATH_SEARCH_PATHS = (
					"$(inherited)",
					"@executable_path/Frameworks",
				);
				PRODUCT_BUNDLE_IDENTIFIER = "sauravarya22896.FinalProject-OrderUrSlice";
				PRODUCT_NAME = "$(TARGET_NAME)";
				SWIFT_VERSION = 5.0;
				TARGETED_DEVICE_FAMILY = "1,2";
			};
			name = Debug;
		};
		7095D63526C110D700674E97 /* Release */ = {
			isa = XCBuildConfiguration;
			buildSettings = {
				ASSETCATALOG_COMPILER_APPICON_NAME = AppIcon;
				ASSETCATALOG_COMPILER_GLOBAL_ACCENT_COLOR_NAME = AccentColor;
				CODE_SIGN_STYLE = Automatic;
				INFOPLIST_FILE = FinalProject_OrderUrSlice/Info.plist;
				LD_RUNPATH_SEARCH_PATHS = (
					"$(inherited)",
					"@executable_path/Frameworks",
				);
				PRODUCT_BUNDLE_IDENTIFIER = "sauravarya22896.FinalProject-OrderUrSlice";
				PRODUCT_NAME = "$(TARGET_NAME)";
				SWIFT_VERSION = 5.0;
				TARGETED_DEVICE_FAMILY = "1,2";
			};
			name = Release;
		};
/* End XCBuildConfiguration section */

/* Begin XCConfigurationList section */
		7095D61A26C110D500674E97 /* Build configuration list for PBXProject "FinalProject_OrderUrSlice" */ = {
			isa = XCConfigurationList;
			buildConfigurations = (
				7095D63126C110D700674E97 /* Debug */,
				7095D63226C110D700674E97 /* Release */,
			);
			defaultConfigurationIsVisible = 0;
			defaultConfigurationName = Release;
		};
		7095D63326C110D700674E97 /* Build configuration list for PBXNativeTarget "FinalProject_OrderUrSlice" */ = {
			isa = XCConfigurationList;
			buildConfigurations = (
				7095D63426C110D700674E97 /* Debug */,
				7095D63526C110D700674E97 /* Release */,
			);
			defaultConfigurationIsVisible = 0;
			defaultConfigurationName = Release;
		};
/* End XCConfigurationList section */
	};
	rootObject = 7095D61726C110D500674E97 /* Project object */;
}
